Microsoft Visual Studio Solution File, Format Version 11.00
# Visual Studio 2010
Project("{8BC9CEB8-8B4A-11D0-8D11-00A0C91BC942}") = "Disaster123HTTPFilter", "Disaster123HTTPFilter.vcxproj", "{76FC45D6-69EF-41D6-91A4-BD3DAFAC67EB}"
EndProject
Project("{8BC9CEB8-8B4A-11D0-8D11-00A0C91BC942}") = "librtmp", "librtmp_win32\librtmp_win32\librtmp_win32.vcxproj", "{23EDFAE9-EE2E-408B-AEBE-9BB58E5D43FE}"
EndProject
Project("{8BC9CEB8-8B4A-11D0-8D11-00A0C91BC942}") = "polarssl", "librtmp_win32\polarssl-0.13.1\visualc\polarssl.vcxproj", "{9707DC37-B76A-4B1A-AAFA-078474A0293D}"
EndProject
Global
	GlobalSection(SolutionConfigurationPlatforms) = preSolution
		Debug|Win32 = Debug|Win32
		Release|Win32 = Release|Win32
	EndGlobalSection
	GlobalSection(ProjectConfigurationPlatforms) = postSolution
		{76FC45D6-69EF-41D6-91A4-BD3DAFAC67EB}.Debug|Win32.ActiveCfg = Debug|Win32
		{76FC45D6-69EF-41D6-91A4-BD3DAFAC67EB}.Debug|Win32.Build.0 = Debug|Win32
		{76FC45D6-69EF-41D6-91A4-BD3DAFAC67EB}.Release|Win32.ActiveCfg = Release|Win32
		{76FC45D6-69EF-41D6-91A4-BD3DAFAC67EB}.Release|Win32.Build.0 = Release|Win32
		{23EDFAE9-EE2E-408B-AEBE-9BB58E5D43FE}.Debug|Win32.ActiveCfg = Debug|Win32
		{23EDFAE9-EE2E-408B-AEBE-9BB58E5D43FE}.Debug|Win32.Build.0 = Debug|Win32
		{23EDFAE9-EE2E-408B-AEBE-9BB58E5D43FE}.Release|Win32.ActiveCfg = Release|Win32
		{23EDFAE9-EE2E-408B-AEBE-9BB58E5D43FE}.Release|Win32.Build.0 = Release|Win32
		{9707DC37-B76A-4B1A-AAFA-078474A0293D}.Debug|Win32.ActiveCfg = Debug|Win32
		{9707DC37-B76A-4B1A-AAFA-078474A0293D}.Debug|Win32.Build.0 = Debug|Win32
		{9707DC37-B76A-4B1A-AAFA-078474A0293D}.Release|Win32.ActiveCfg = Release|Win32
		{9707DC37-B76A-4B1A-AAFA-078474A0293D}.Release|Win32.Build.0 = Release|Win32
	EndGlobalSection
	GlobalSection(SolutionProperties) = preSolution
		HideSolutionNode = FALSE
	EndGlobalSection
EndGlobal
