
Microsoft Visual Studio Solution File, Format Version 10.00
# Visual C++ Express 2008
Project("{8BC9CEB8-8B4A-11D0-8D11-00A0C91BC942}") = "librtmp_win32", "librtmp_win32\librtmp_win32.vcproj", "{23EDFAE9-EE2E-408B-AEBE-9BB58E5D43FE}"
	ProjectSection(ProjectDependencies) = postProject
		{16BF0A39-05D9-4DAF-9619-8E68D7C41345} = {16BF0A39-05D9-4DAF-9619-8E68D7C41345}
	EndProjectSection
EndProject
Project("{8BC9CEB8-8B4A-11D0-8D11-00A0C91BC942}") = "polarssl", "polarssl-0.13.1\visualc\polarssl.vcproj", "{16BF0A39-05D9-4DAF-9619-8E68D7C41345}"
EndProject
Global
	GlobalSection(SolutionConfigurationPlatforms) = preSolution
		Debug|Win32 = Debug|Win32
		Release|Win32 = Release|Win32
	EndGlobalSection
	GlobalSection(ProjectConfigurationPlatforms) = postSolution
		{23EDFAE9-EE2E-408B-AEBE-9BB58E5D43FE}.Debug|Win32.ActiveCfg = Debug|Win32
		{23EDFAE9-EE2E-408B-AEBE-9BB58E5D43FE}.Debug|Win32.Build.0 = Debug|Win32
		{23EDFAE9-EE2E-408B-AEBE-9BB58E5D43FE}.Release|Win32.ActiveCfg = Release|Win32
		{23EDFAE9-EE2E-408B-AEBE-9BB58E5D43FE}.Release|Win32.Build.0 = Release|Win32
		{16BF0A39-05D9-4DAF-9619-8E68D7C41345}.Debug|Win32.ActiveCfg = Debug|Win32
		{16BF0A39-05D9-4DAF-9619-8E68D7C41345}.Debug|Win32.Build.0 = Debug|Win32
		{16BF0A39-05D9-4DAF-9619-8E68D7C41345}.Release|Win32.ActiveCfg = Release|Win32
		{16BF0A39-05D9-4DAF-9619-8E68D7C41345}.Release|Win32.Build.0 = Release|Win32
	EndGlobalSection
	GlobalSection(SolutionProperties) = preSolution
		HideSolutionNode = FALSE
	EndGlobalSection
EndGlobal
